
Microsoft Visual Studio Solution File, Format Version 12.00
# Visual Studio Version 17
VisualStudioVersion = 17.5.002.0
MinimumVisualStudioVersion = 10.0.40219.1
Project("{9A19103F-16F7-4668-BE54-9A1E7A4F7556}") = "BlazingPizza", "BlazingPizza.csproj", "{8C9B0EF3-27FF-447F-A0E1-E6B37DE2EA63}"
EndProject
Global
	GlobalSection(SolutionConfigurationPlatforms) = preSolution
		Debug|Any CPU = Debug|Any CPU
		Release|Any CPU = Release|Any CPU
	EndGlobalSection
	GlobalSection(ProjectConfigurationPlatforms) = postSolution
		{8C9B0EF3-27FF-447F-A0E1-E6B37DE2EA63}.Debug|Any CPU.ActiveCfg = Debug|Any CPU
		{8C9B0EF3-27FF-447F-A0E1-E6B37DE2EA63}.Debug|Any CPU.Build.0 = Debug|Any CPU
		{8C9B0EF3-27FF-447F-A0E1-E6B37DE2EA63}.Release|Any CPU.ActiveCfg = Release|Any CPU
		{8C9B0EF3-27FF-447F-A0E1-E6B37DE2EA63}.Release|Any CPU.Build.0 = Release|Any CPU
	EndGlobalSection
	GlobalSection(SolutionProperties) = preSolution
		HideSolutionNode = FALSE
	EndGlobalSection
	GlobalSection(ExtensibilityGlobals) = postSolution
		SolutionGuid = {7B8AAE6B-937C-48C6-B98C-728CEB0484E6}
	EndGlobalSection
EndGlobal
